{
  "name": "@fortawesome/fa-icon-chooser",
  "version": "0.0.1",
  "lockfileVersion": 2,
  "requires": true,
  "packages": {
    "": {
      "name": "@fortawesome/fa-icon-chooser",
      "version": "0.0.1",
      "license": "MIT",
      "dependencies": {
        "@stencil/core": "^2.0.1"
      },
      "devDependencies": {
        "@stencil/react-output-target": "^0.0.9"
      }
    },
    "node_modules/@stencil/core": {
      "version": "2.6.0",
      "resolved": "https://registry.npmjs.org/@stencil/core/-/core-2.6.0.tgz",
      "integrity": "sha512-QsxWayZyusnqSZrlCl81R71rA3KqFjVVQSH4E0rGN15F1GdQaFonKlHLyCOLKLig1zzC+DQkLLiUuocexuvdeQ==",
      "bin": {
        "stencil": "bin/stencil"
      },
      "engines": {
        "node": ">=12.10.0",
        "npm": ">=6.0.0"
      }
    },
    "node_modules/@stencil/react-output-target": {
      "version": "0.0.9",
      "resolved": "https://registry.npmjs.org/@stencil/react-output-target/-/react-output-target-0.0.9.tgz",
      "integrity": "sha512-t2sSkm/VGftBqewK47eZonaHIXW7CYWlsDy6Ln4jqNVpr93CuPWkg7rsnPiZrJrU1NBuTgA0hC2xoRcAJVm7Sw==",
      "dev": true,
      "peerDependencies": {
        "@stencil/core": ">=1.8.0"
      }
    }
  },
  "dependencies": {
    "@stencil/core": {
      "version": "2.6.0",
      "resolved": "https://registry.npmjs.org/@stencil/core/-/core-2.6.0.tgz",
      "integrity": "sha512-QsxWayZyusnqSZrlCl81R71rA3KqFjVVQSH4E0rGN15F1GdQaFonKlHLyCOLKLig1zzC+DQkLLiUuocexuvdeQ=="
    },
    "@stencil/react-output-target": {
      "version": "0.0.9",
      "resolved": "https://registry.npmjs.org/@stencil/react-output-target/-/react-output-target-0.0.9.tgz",
      "integrity": "sha512-t2sSkm/VGftBqewK47eZonaHIXW7CYWlsDy6Ln4jqNVpr93CuPWkg7rsnPiZrJrU1NBuTgA0hC2xoRcAJVm7Sw==",
      "dev": true,
      "requires": {}
    }
  }
}
